// !$*UTF8*$!
{
	archiveVersion = 1;
	classes = {
	};
	objectVersion = 77;
	objects = {

/* Begin PBXBuildFile section */
		8413F96E2CE6110300CDD446 /* Preview Assets.xcassets in Resources */ = {isa = PBXBuildFile; fileRef = 8413F9672CE6110300CDD446 /* Preview Assets.xcassets */; };
		8413F96F2CE6110300CDD446 /* Assets.xcassets in Resources */ = {isa = PBXBuildFile; fileRef = 8413F9692CE6110300CDD446 /* Assets.xcassets */; };
		8413F9702CE6110300CDD446 /* SpeedReaderApp.swift in Sources */ = {isa = PBXBuildFile; fileRef = 8413F96B2CE6110300CDD446 /* SpeedReaderApp.swift */; };
		8413F9712CE6110300CDD446 /* SpeedReadingView.swift in Sources */ = {isa = PBXBuildFile; fileRef = 8413F96C2CE6110300CDD446 /* SpeedReadingView.swift */; };
		8413F9742CE6111A00CDD446 /* SpeedSettingsView.swift in Sources */ = {isa = PBXBuildFile; fileRef = 8413F9732CE6111A00CDD446 /* SpeedSettingsView.swift */; };
/* End PBXBuildFile section */

/* Begin PBXContainerItemProxy section */
		8413F94B2CE6043D00CDD446 /* PBXContainerItemProxy */ = {
			isa = PBXContainerItemProxy;
			containerPortal = 8413F9312CE6043B00CDD446 /* Project object */;
			proxyType = 1;
			remoteGlobalIDString = 8413F9382CE6043B00CDD446;
			remoteInfo = SpeedReader;
		};
		8413F9552CE6043D00CDD446 /* PBXContainerItemProxy */ = {
			isa = PBXContainerItemProxy;
			containerPortal = 8413F9312CE6043B00CDD446 /* Project object */;
			proxyType = 1;
			remoteGlobalIDString = 8413F9382CE6043B00CDD446;
			remoteInfo = SpeedReader;
		};
/* End PBXContainerItemProxy section */

/* Begin PBXFileReference section */
		8413F9392CE6043B00CDD446 /* SpeedReader.app */ = {isa = PBXFileReference; explicitFileType = wrapper.application; includeInIndex = 0; path = SpeedReader.app; sourceTree = BUILT_PRODUCTS_DIR; };
		8413F94A2CE6043D00CDD446 /* SpeedReaderTests.xctest */ = {isa = PBXFileReference; explicitFileType = wrapper.cfbundle; includeInIndex = 0; path = SpeedReaderTests.xctest; sourceTree = BUILT_PRODUCTS_DIR; };
		8413F9542CE6043D00CDD446 /* SpeedReaderUITests.xctest */ = {isa = PBXFileReference; explicitFileType = wrapper.cfbundle; includeInIndex = 0; path = SpeedReaderUITests.xctest; sourceTree = BUILT_PRODUCTS_DIR; };
		8413F9672CE6110300CDD446 /* Preview Assets.xcassets */ = {isa = PBXFileReference; lastKnownFileType = folder.assetcatalog; path = "Preview Assets.xcassets"; sourceTree = "<group>"; };
		8413F9692CE6110300CDD446 /* Assets.xcassets */ = {isa = PBXFileReference; lastKnownFileType = folder.assetcatalog; path = Assets.xcassets; sourceTree = "<group>"; };
		8413F96A2CE6110300CDD446 /* SpeedReader.entitlements */ = {isa = PBXFileReference; lastKnownFileType = text.plist.entitlements; path = SpeedReader.entitlements; sourceTree = "<group>"; };
		8413F96B2CE6110300CDD446 /* SpeedReaderApp.swift */ = {isa = PBXFileReference; lastKnownFileType = sourcecode.swift; path = SpeedReaderApp.swift; sourceTree = "<group>"; };
		8413F96C2CE6110300CDD446 /* SpeedReadingView.swift */ = {isa = PBXFileReference; lastKnownFileType = sourcecode.swift; path = SpeedReadingView.swift; sourceTree = "<group>"; };
		8413F9732CE6111A00CDD446 /* SpeedSettingsView.swift */ = {isa = PBXFileReference; lastKnownFileType = sourcecode.swift; path = SpeedSettingsView.swift; sourceTree = "<group>"; };
/* End PBXFileReference section */

/* Begin PBXFileSystemSynchronizedRootGroup section */
		8413F94D2CE6043D00CDD446 /* SpeedReaderTests */ = {
			isa = PBXFileSystemSynchronizedRootGroup;
			path = SpeedReaderTests;
			sourceTree = "<group>";
		};
		8413F9572CE6043D00CDD446 /* SpeedReaderUITests */ = {
			isa = PBXFileSystemSynchronizedRootGroup;
			path = SpeedReaderUITests;
			sourceTree = "<group>";
		};
/* End PBXFileSystemSynchronizedRootGroup section */

/* Begin PBXFrameworksBuildPhase section */
		8413F9362CE6043B00CDD446 /* Frameworks */ = {
			isa = PBXFrameworksBuildPhase;
			buildActionMask = 2147483647;
			files = (
			);
			runOnlyForDeploymentPostprocessing = 0;
		};
		8413F9472CE6043D00CDD446 /* Frameworks */ = {
			isa = PBXFrameworksBuildPhase;
			buildActionMask = 2147483647;
			files = (
			);
			runOnlyForDeploymentPostprocessing = 0;
		};
		8413F9512CE6043D00CDD446 /* Frameworks */ = {
			isa = PBXFrameworksBuildPhase;
			buildActionMask = 2147483647;
			files = (
			);
			runOnlyForDeploymentPostprocessing = 0;
		};
/* End PBXFrameworksBuildPhase section */

/* Begin PBXGroup section */
		8413F9302CE6043B00CDD446 = {
			isa = PBXGroup;
			children = (
				8413F96D2CE6110300CDD446 /* SpeedReader */,
				8413F94D2CE6043D00CDD446 /* SpeedReaderTests */,
				8413F9572CE6043D00CDD446 /* SpeedReaderUITests */,
				8413F93A2CE6043B00CDD446 /* Products */,
			);
			sourceTree = "<group>";
		};
		8413F93A2CE6043B00CDD446 /* Products */ = {
			isa = PBXGroup;
			children = (
				8413F9392CE6043B00CDD446 /* SpeedReader.app */,
				8413F94A2CE6043D00CDD446 /* SpeedReaderTests.xctest */,
				8413F9542CE6043D00CDD446 /* SpeedReaderUITests.xctest */,
			);
			name = Products;
			sourceTree = "<group>";
		};
		8413F9682CE6110300CDD446 /* Preview Content */ = {
			isa = PBXGroup;
			children = (
				8413F9672CE6110300CDD446 /* Preview Assets.xcassets */,
			);
			path = "Preview Content";
			sourceTree = "<group>";
		};
		8413F96D2CE6110300CDD446 /* SpeedReader */ = {
			isa = PBXGroup;
			children = (
				8413F9722CE6110900CDD446 /* Views */,
				8413F9682CE6110300CDD446 /* Preview Content */,
				8413F9692CE6110300CDD446 /* Assets.xcassets */,
				8413F96A2CE6110300CDD446 /* SpeedReader.entitlements */,
				8413F96B2CE6110300CDD446 /* SpeedReaderApp.swift */,
			);
			path = SpeedReader;
			sourceTree = "<group>";
		};
		8413F9722CE6110900CDD446 /* Views */ = {
			isa = PBXGroup;
			children = (
				8413F96C2CE6110300CDD446 /* SpeedReadingView.swift */,
				8413F9732CE6111A00CDD446 /* SpeedSettingsView.swift */,
			);
			path = Views;
			sourceTree = "<group>";
		};
/* End PBXGroup section */

/* Begin PBXNativeTarget section */
		8413F9382CE6043B00CDD446 /* SpeedReader */ = {
			isa = PBXNativeTarget;
			buildConfigurationList = 8413F95E2CE6043D00CDD446 /* Build configuration list for PBXNativeTarget "SpeedReader" */;
			buildPhases = (
				8413F9352CE6043B00CDD446 /* Sources */,
				8413F9362CE6043B00CDD446 /* Frameworks */,
				8413F9372CE6043B00CDD446 /* Resources */,
			);
			buildRules = (
			);
			dependencies = (
			);
			name = SpeedReader;
			packageProductDependencies = (
			);
			productName = SpeedReader;
			productReference = 8413F9392CE6043B00CDD446 /* SpeedReader.app */;
			productType = "com.apple.product-type.application";
		};
		8413F9492CE6043D00CDD446 /* SpeedReaderTests */ = {
			isa = PBXNativeTarget;
			buildConfigurationList = 8413F9612CE6043D00CDD446 /* Build configuration list for PBXNativeTarget "SpeedReaderTests" */;
			buildPhases = (
				8413F9462CE6043D00CDD446 /* Sources */,
				8413F9472CE6043D00CDD446 /* Frameworks */,
				8413F9482CE6043D00CDD446 /* Resources */,
			);
			buildRules = (
			);
			dependencies = (
				8413F94C2CE6043D00CDD446 /* PBXTargetDependency */,
			);
			fileSystemSynchronizedGroups = (
				8413F94D2CE6043D00CDD446 /* SpeedReaderTests */,
			);
			name = SpeedReaderTests;
			packageProductDependencies = (
			);
			productName = SpeedReaderTests;
			productReference = 8413F94A2CE6043D00CDD446 /* SpeedReaderTests.xctest */;
			productType = "com.apple.product-type.bundle.unit-test";
		};
		8413F9532CE6043D00CDD446 /* SpeedReaderUITests */ = {
			isa = PBXNativeTarget;
			buildConfigurationList = 8413F9642CE6043D00CDD446 /* Build configuration list for PBXNativeTarget "SpeedReaderUITests" */;
			buildPhases = (
				8413F9502CE6043D00CDD446 /* Sources */,
				8413F9512CE6043D00CDD446 /* Frameworks */,
				8413F9522CE6043D00CDD446 /* Resources */,
			);
			buildRules = (
			);
			dependencies = (
				8413F9562CE6043D00CDD446 /* PBXTargetDependency */,
			);
			fileSystemSynchronizedGroups = (
				8413F9572CE6043D00CDD446 /* SpeedReaderUITests */,
			);
			name = SpeedReaderUITests;
			packageProductDependencies = (
			);
			productName = SpeedReaderUITests;
			productReference = 8413F9542CE6043D00CDD446 /* SpeedReaderUITests.xctest */;
			productType = "com.apple.product-type.bundle.ui-testing";
		};
/* End PBXNativeTarget section */

/* Begin PBXProject section */
		8413F9312CE6043B00CDD446 /* Project object */ = {
			isa = PBXProject;
			attributes = {
				BuildIndependentTargetsInParallel = 1;
				LastSwiftUpdateCheck = 1600;
				LastUpgradeCheck = 1600;
				TargetAttributes = {
					8413F9382CE6043B00CDD446 = {
						CreatedOnToolsVersion = 16.0;
					};
					8413F9492CE6043D00CDD446 = {
						CreatedOnToolsVersion = 16.0;
						TestTargetID = 8413F9382CE6043B00CDD446;
					};
					8413F9532CE6043D00CDD446 = {
						CreatedOnToolsVersion = 16.0;
						TestTargetID = 8413F9382CE6043B00CDD446;
					};
				};
			};
			buildConfigurationList = 8413F9342CE6043B00CDD446 /* Build configuration list for PBXProject "SpeedReader" */;
			developmentRegion = en;
			hasScannedForEncodings = 0;
			knownRegions = (
				en,
				Base,
			);
			mainGroup = 8413F9302CE6043B00CDD446;
			minimizedProjectReferenceProxies = 1;
			preferredProjectObjectVersion = 77;
			productRefGroup = 8413F93A2CE6043B00CDD446 /* Products */;
			projectDirPath = "";
			projectRoot = "";
			targets = (
				8413F9382CE6043B00CDD446 /* SpeedReader */,
				8413F9492CE6043D00CDD446 /* SpeedReaderTests */,
				8413F9532CE6043D00CDD446 /* SpeedReaderUITests */,
			);
		};
/* End PBXProject section */

/* Begin PBXResourcesBuildPhase section */
		8413F9372CE6043B00CDD446 /* Resources */ = {
			isa = PBXResourcesBuildPhase;
			buildActionMask = 2147483647;
			files = (
				8413F96E2CE6110300CDD446 /* Preview Assets.xcassets in Resources */,
				8413F96F2CE6110300CDD446 /* Assets.xcassets in Resources */,
			);
			runOnlyForDeploymentPostprocessing = 0;
		};
		8413F9482CE6043D00CDD446 /* Resources */ = {
			isa = PBXResourcesBuildPhase;
			buildActionMask = 2147483647;
			files = (
			);
			runOnlyForDeploymentPostprocessing = 0;
		};
		8413F9522CE6043D00CDD446 /* Resources */ = {
			isa = PBXResourcesBuildPhase;
			buildActionMask = 2147483647;
			files = (
			);
			runOnlyForDeploymentPostprocessing = 0;
		};
/* End PBXResourcesBuildPhase section */

/* Begin PBXSourcesBuildPhase section */
		8413F9352CE6043B00CDD446 /* Sources */ = {
			isa = PBXSourcesBuildPhase;
			buildActionMask = 2147483647;
			files = (
				8413F9702CE6110300CDD446 /* SpeedReaderApp.swift in Sources */,
				8413F9742CE6111A00CDD446 /* SpeedSettingsView.swift in Sources */,
				8413F9712CE6110300CDD446 /* SpeedReadingView.swift in Sources */,
			);
			runOnlyForDeploymentPostprocessing = 0;
		};
		8413F9462CE6043D00CDD446 /* Sources */ = {
			isa = PBXSourcesBuildPhase;
			buildActionMask = 2147483647;
			files = (
			);
			runOnlyForDeploymentPostprocessing = 0;
		};
		8413F9502CE6043D00CDD446 /* Sources */ = {
			isa = PBXSourcesBuildPhase;
			buildActionMask = 2147483647;
			files = (
			);
			runOnlyForDeploymentPostprocessing = 0;
		};
/* End PBXSourcesBuildPhase section */

/* Begin PBXTargetDependency section */
		8413F94C2CE6043D00CDD446 /* PBXTargetDependency */ = {
			isa = PBXTargetDependency;
			target = 8413F9382CE6043B00CDD446 /* SpeedReader */;
			targetProxy = 8413F94B2CE6043D00CDD446 /* PBXContainerItemProxy */;
		};
		8413F9562CE6043D00CDD446 /* PBXTargetDependency */ = {
			isa = PBXTargetDependency;
			target = 8413F9382CE6043B00CDD446 /* SpeedReader */;
			targetProxy = 8413F9552CE6043D00CDD446 /* PBXContainerItemProxy */;
		};
/* End PBXTargetDependency section */

/* Begin XCBuildConfiguration section */
		8413F95C2CE6043D00CDD446 /* Debug */ = {
			isa = XCBuildConfiguration;
			buildSettings = {
				ALWAYS_SEARCH_USER_PATHS = NO;
				ASSETCATALOG_COMPILER_GENERATE_SWIFT_ASSET_SYMBOL_EXTENSIONS = YES;
				CLANG_ANALYZER_NONNULL = YES;
				CLANG_ANALYZER_NUMBER_OBJECT_CONVERSION = YES_AGGRESSIVE;
				CLANG_CXX_LANGUAGE_STANDARD = "gnu++20";
				CLANG_ENABLE_MODULES = YES;
				CLANG_ENABLE_OBJC_ARC = YES;
				CLANG_ENABLE_OBJC_WEAK = YES;
				CLANG_WARN_BLOCK_CAPTURE_AUTORELEASING = YES;
				CLANG_WARN_BOOL_CONVERSION = YES;
				CLANG_WARN_COMMA = YES;
				CLANG_WARN_CONSTANT_CONVERSION = YES;
				CLANG_WARN_DEPRECATED_OBJC_IMPLEMENTATIONS = YES;
				CLANG_WARN_DIRECT_OBJC_ISA_USAGE = YES_ERROR;
				CLANG_WARN_DOCUMENTATION_COMMENTS = YES;
				CLANG_WARN_EMPTY_BODY = YES;
				CLANG_WARN_ENUM_CONVERSION = YES;
				CLANG_WARN_INFINITE_RECURSION = YES;
				CLANG_WARN_INT_CONVERSION = YES;
				CLANG_WARN_NON_LITERAL_NULL_CONVERSION = YES;
				CLANG_WARN_OBJC_IMPLICIT_RETAIN_SELF = YES;
				CLANG_WARN_OBJC_LITERAL_CONVERSION = YES;
				CLANG_WARN_OBJC_ROOT_CLASS = YES_ERROR;
				CLANG_WARN_QUOTED_INCLUDE_IN_FRAMEWORK_HEADER = YES;
				CLANG_WARN_RANGE_LOOP_ANALYSIS = YES;
				CLANG_WARN_STRICT_PROTOTYPES = YES;
				CLANG_WARN_SUSPICIOUS_MOVE = YES;
				CLANG_WARN_UNGUARDED_AVAILABILITY = YES_AGGRESSIVE;
				CLANG_WARN_UNREACHABLE_CODE = YES;
				CLANG_WARN__DUPLICATE_METHOD_MATCH = YES;
				COPY_PHASE_STRIP = NO;
				DEBUG_INFORMATION_FORMAT = dwarf;
				ENABLE_STRICT_OBJC_MSGSEND = YES;
				ENABLE_TESTABILITY = YES;
				ENABLE_USER_SCRIPT_SANDBOXING = YES;
				GCC_C_LANGUAGE_STANDARD = gnu17;
				GCC_DYNAMIC_NO_PIC = NO;
				GCC_NO_COMMON_BLOCKS = YES;
				GCC_OPTIMIZATION_LEVEL = 0;
				GCC_PREPROCESSOR_DEFINITIONS = (
					"DEBUG=1",
					"$(inherited)",
				);
				GCC_WARN_64_TO_32_BIT_CONVERSION = YES;
				GCC_WARN_ABOUT_RETURN_TYPE = YES_ERROR;
				GCC_WARN_UNDECLARED_SELECTOR = YES;
				GCC_WARN_UNINITIALIZED_AUTOS = YES_AGGRESSIVE;
				GCC_WARN_UNUSED_FUNCTION = YES;
				GCC_WARN_UNUSED_VARIABLE = YES;
				LOCALIZATION_PREFERS_STRING_CATALOGS = YES;
				MTL_ENABLE_DEBUG_INFO = INCLUDE_SOURCE;
				MTL_FAST_MATH = YES;
				ONLY_ACTIVE_ARCH = YES;
				SWIFT_ACTIVE_COMPILATION_CONDITIONS = "DEBUG $(inherited)";
				SWIFT_OPTIMIZATION_LEVEL = "-Onone";
			};
			name = Debug;
		};
		8413F95D2CE6043D00CDD446 /* Release */ = {
			isa = XCBuildConfiguration;
			buildSettings = {
				ALWAYS_SEARCH_USER_PATHS = NO;
				ASSETCATALOG_COMPILER_GENERATE_SWIFT_ASSET_SYMBOL_EXTENSIONS = YES;
				CLANG_ANALYZER_NONNULL = YES;
				CLANG_ANALYZER_NUMBER_OBJECT_CONVERSION = YES_AGGRESSIVE;
				CLANG_CXX_LANGUAGE_STANDARD = "gnu++20";
				CLANG_ENABLE_MODULES = YES;
				CLANG_ENABLE_OBJC_ARC = YES;
				CLANG_ENABLE_OBJC_WEAK = YES;
				CLANG_WARN_BLOCK_CAPTURE_AUTORELEASING = YES;
				CLANG_WARN_BOOL_CONVERSION = YES;
				CLANG_WARN_COMMA = YES;
				CLANG_WARN_CONSTANT_CONVERSION = YES;
				CLANG_WARN_DEPRECATED_OBJC_IMPLEMENTATIONS = YES;
				CLANG_WARN_DIRECT_OBJC_ISA_USAGE = YES_ERROR;
				CLANG_WARN_DOCUMENTATION_COMMENTS = YES;
				CLANG_WARN_EMPTY_BODY = YES;
				CLANG_WARN_ENUM_CONVERSION = YES;
				CLANG_WARN_INFINITE_RECURSION = YES;
				CLANG_WARN_INT_CONVERSION = YES;
				CLANG_WARN_NON_LITERAL_NULL_CONVERSION = YES;
				CLANG_WARN_OBJC_IMPLICIT_RETAIN_SELF = YES;
				CLANG_WARN_OBJC_LITERAL_CONVERSION = YES;
				CLANG_WARN_OBJC_ROOT_CLASS = YES_ERROR;
				CLANG_WARN_QUOTED_INCLUDE_IN_FRAMEWORK_HEADER = YES;
				CLANG_WARN_RANGE_LOOP_ANALYSIS = YES;
				CLANG_WARN_STRICT_PROTOTYPES = YES;
				CLANG_WARN_SUSPICIOUS_MOVE = YES;
				CLANG_WARN_UNGUARDED_AVAILABILITY = YES_AGGRESSIVE;
				CLANG_WARN_UNREACHABLE_CODE = YES;
				CLANG_WARN__DUPLICATE_METHOD_MATCH = YES;
				COPY_PHASE_STRIP = NO;
				DEBUG_INFORMATION_FORMAT = "dwarf-with-dsym";
				ENABLE_NS_ASSERTIONS = NO;
				ENABLE_STRICT_OBJC_MSGSEND = YES;
				ENABLE_USER_SCRIPT_SANDBOXING = YES;
				GCC_C_LANGUAGE_STANDARD = gnu17;
				GCC_NO_COMMON_BLOCKS = YES;
				GCC_WARN_64_TO_32_BIT_CONVERSION = YES;
				GCC_WARN_ABOUT_RETURN_TYPE = YES_ERROR;
				GCC_WARN_UNDECLARED_SELECTOR = YES;
				GCC_WARN_UNINITIALIZED_AUTOS = YES_AGGRESSIVE;
				GCC_WARN_UNUSED_FUNCTION = YES;
				GCC_WARN_UNUSED_VARIABLE = YES;
				LOCALIZATION_PREFERS_STRING_CATALOGS = YES;
				MTL_ENABLE_DEBUG_INFO = NO;
				MTL_FAST_MATH = YES;
				SWIFT_COMPILATION_MODE = wholemodule;
			};
			name = Release;
		};
		8413F95F2CE6043D00CDD446 /* Debug */ = {
			isa = XCBuildConfiguration;
			buildSettings = {
				ASSETCATALOG_COMPILER_APPICON_NAME = AppIcon;
				ASSETCATALOG_COMPILER_GLOBAL_ACCENT_COLOR_NAME = AccentColor;
				CODE_SIGN_ENTITLEMENTS = SpeedReader/SpeedReader.entitlements;
				CODE_SIGN_STYLE = Automatic;
				CURRENT_PROJECT_VERSION = 1;
				DEVELOPMENT_ASSET_PATHS = "\"SpeedReader/Preview Content\"";
				DEVELOPMENT_TEAM = 98RHHYF7KQ;
				ENABLE_HARDENED_RUNTIME = YES;
				ENABLE_PREVIEWS = YES;
				GENERATE_INFOPLIST_FILE = YES;
				"INFOPLIST_KEY_UIApplicationSceneManifest_Generation[sdk=iphoneos*]" = YES;
				"INFOPLIST_KEY_UIApplicationSceneManifest_Generation[sdk=iphonesimulator*]" = YES;
				"INFOPLIST_KEY_UIApplicationSupportsIndirectInputEvents[sdk=iphoneos*]" = YES;
				"INFOPLIST_KEY_UIApplicationSupportsIndirectInputEvents[sdk=iphonesimulator*]" = YES;
				"INFOPLIST_KEY_UILaunchScreen_Generation[sdk=iphoneos*]" = YES;
				"INFOPLIST_KEY_UILaunchScreen_Generation[sdk=iphonesimulator*]" = YES;
				"INFOPLIST_KEY_UIStatusBarStyle[sdk=iphoneos*]" = UIStatusBarStyleDefault;
				"INFOPLIST_KEY_UIStatusBarStyle[sdk=iphonesimulator*]" = UIStatusBarStyleDefault;
				INFOPLIST_KEY_UISupportedInterfaceOrientations_iPad = "UIInterfaceOrientationPortrait UIInterfaceOrientationPortraitUpsideDown UIInterfaceOrientationLandscapeLeft UIInterfaceOrientationLandscapeRight";
				INFOPLIST_KEY_UISupportedInterfaceOrientations_iPhone = "UIInterfaceOrientationPortrait UIInterfaceOrientationLandscapeLeft UIInterfaceOrientationLandscapeRight";
				IPHONEOS_DEPLOYMENT_TARGET = 18.0;
				LD_RUNPATH_SEARCH_PATHS = "@executable_path/Frameworks";
				"LD_RUNPATH_SEARCH_PATHS[sdk=macosx*]" = "@executable_path/../Frameworks";
				MACOSX_DEPLOYMENT_TARGET = 14.7;
				MARKETING_VERSION = 1.0;
				PRODUCT_BUNDLE_IDENTIFIER = travelMap.SpeedReader;
				PRODUCT_NAME = "$(TARGET_NAME)";
				SDKROOT = auto;
				SUPPORTED_PLATFORMS = "iphoneos iphonesimulator macosx xros xrsimulator";
				SWIFT_EMIT_LOC_STRINGS = YES;
				SWIFT_VERSION = 5.0;
				TARGETED_DEVICE_FAMILY = "1,2,7";
				XROS_DEPLOYMENT_TARGET = 2.0;
			};
			name = Debug;
		};
		8413F9602CE6043D00CDD446 /* Release */ = {
			isa = XCBuildConfiguration;
			buildSettings = {
				ASSETCATALOG_COMPILER_APPICON_NAME = AppIcon;
				ASSETCATALOG_COMPILER_GLOBAL_ACCENT_COLOR_NAME = AccentColor;
				CODE_SIGN_ENTITLEMENTS = SpeedReader/SpeedReader.entitlements;
				CODE_SIGN_STYLE = Automatic;
				CURRENT_PROJECT_VERSION = 1;
				DEVELOPMENT_ASSET_PATHS = "\"SpeedReader/Preview Content\"";
				DEVELOPMENT_TEAM = 98RHHYF7KQ;
				ENABLE_HARDENED_RUNTIME = YES;
				ENABLE_PREVIEWS = YES;
				GENERATE_INFOPLIST_FILE = YES;
				"INFOPLIST_KEY_UIApplicationSceneManifest_Generation[sdk=iphoneos*]" = YES;
				"INFOPLIST_KEY_UIApplicationSceneManifest_Generation[sdk=iphonesimulator*]" = YES;
				"INFOPLIST_KEY_UIApplicationSupportsIndirectInputEvents[sdk=iphoneos*]" = YES;
				"INFOPLIST_KEY_UIApplicationSupportsIndirectInputEvents[sdk=iphonesimulator*]" = YES;
				"INFOPLIST_KEY_UILaunchScreen_Generation[sdk=iphoneos*]" = YES;
				"INFOPLIST_KEY_UILaunchScreen_Generation[sdk=iphonesimulator*]" = YES;
				"INFOPLIST_KEY_UIStatusBarStyle[sdk=iphoneos*]" = UIStatusBarStyleDefault;
				"INFOPLIST_KEY_UIStatusBarStyle[sdk=iphonesimulator*]" = UIStatusBarStyleDefault;
				INFOPLIST_KEY_UISupportedInterfaceOrientations_iPad = "UIInterfaceOrientationPortrait UIInterfaceOrientationPortraitUpsideDown UIInterfaceOrientationLandscapeLeft UIInterfaceOrientationLandscapeRight";
				INFOPLIST_KEY_UISupportedInterfaceOrientations_iPhone = "UIInterfaceOrientationPortrait UIInterfaceOrientationLandscapeLeft UIInterfaceOrientationLandscapeRight";
				IPHONEOS_DEPLOYMENT_TARGET = 18.0;
				LD_RUNPATH_SEARCH_PATHS = "@executable_path/Frameworks";
				"LD_RUNPATH_SEARCH_PATHS[sdk=macosx*]" = "@executable_path/../Frameworks";
				MACOSX_DEPLOYMENT_TARGET = 14.7;
				MARKETING_VERSION = 1.0;
				PRODUCT_BUNDLE_IDENTIFIER = travelMap.SpeedReader;
				PRODUCT_NAME = "$(TARGET_NAME)";
				SDKROOT = auto;
				SUPPORTED_PLATFORMS = "iphoneos iphonesimulator macosx xros xrsimulator";
				SWIFT_EMIT_LOC_STRINGS = YES;
				SWIFT_VERSION = 5.0;
				TARGETED_DEVICE_FAMILY = "1,2,7";
				XROS_DEPLOYMENT_TARGET = 2.0;
			};
			name = Release;
		};
		8413F9622CE6043D00CDD446 /* Debug */ = {
			isa = XCBuildConfiguration;
			buildSettings = {
				BUNDLE_LOADER = "$(TEST_HOST)";
				CODE_SIGN_STYLE = Automatic;
				CURRENT_PROJECT_VERSION = 1;
				DEVELOPMENT_TEAM = 98RHHYF7KQ;
				GENERATE_INFOPLIST_FILE = YES;
				IPHONEOS_DEPLOYMENT_TARGET = 18.0;
				MACOSX_DEPLOYMENT_TARGET = 14.7;
				MARKETING_VERSION = 1.0;
				PRODUCT_BUNDLE_IDENTIFIER = travelMap.SpeedReaderTests;
				PRODUCT_NAME = "$(TARGET_NAME)";
				SDKROOT = auto;
				SUPPORTED_PLATFORMS = "iphoneos iphonesimulator macosx xros xrsimulator";
				SWIFT_EMIT_LOC_STRINGS = NO;
				SWIFT_VERSION = 5.0;
				TARGETED_DEVICE_FAMILY = "1,2,7";
				TEST_HOST = "$(BUILT_PRODUCTS_DIR)/SpeedReader.app/$(BUNDLE_EXECUTABLE_FOLDER_PATH)/SpeedReader";
				XROS_DEPLOYMENT_TARGET = 2.0;
			};
			name = Debug;
		};
		8413F9632CE6043D00CDD446 /* Release */ = {
			isa = XCBuildConfiguration;
			buildSettings = {
				BUNDLE_LOADER = "$(TEST_HOST)";
				CODE_SIGN_STYLE = Automatic;
				CURRENT_PROJECT_VERSION = 1;
				DEVELOPMENT_TEAM = 98RHHYF7KQ;
				GENERATE_INFOPLIST_FILE = YES;
				IPHONEOS_DEPLOYMENT_TARGET = 18.0;
				MACOSX_DEPLOYMENT_TARGET = 14.7;
				MARKETING_VERSION = 1.0;
				PRODUCT_BUNDLE_IDENTIFIER = travelMap.SpeedReaderTests;
				PRODUCT_NAME = "$(TARGET_NAME)";
				SDKROOT = auto;
				SUPPORTED_PLATFORMS = "iphoneos iphonesimulator macosx xros xrsimulator";
				SWIFT_EMIT_LOC_STRINGS = NO;
				SWIFT_VERSION = 5.0;
				TARGETED_DEVICE_FAMILY = "1,2,7";
				TEST_HOST = "$(BUILT_PRODUCTS_DIR)/SpeedReader.app/$(BUNDLE_EXECUTABLE_FOLDER_PATH)/SpeedReader";
				XROS_DEPLOYMENT_TARGET = 2.0;
			};
			name = Release;
		};
		8413F9652CE6043D00CDD446 /* Debug */ = {
			isa = XCBuildConfiguration;
			buildSettings = {
				CODE_SIGN_STYLE = Automatic;
				CURRENT_PROJECT_VERSION = 1;
				DEVELOPMENT_TEAM = 98RHHYF7KQ;
				GENERATE_INFOPLIST_FILE = YES;
				IPHONEOS_DEPLOYMENT_TARGET = 18.0;
				MACOSX_DEPLOYMENT_TARGET = 14.7;
				MARKETING_VERSION = 1.0;
				PRODUCT_BUNDLE_IDENTIFIER = travelMap.SpeedReaderUITests;
				PRODUCT_NAME = "$(TARGET_NAME)";
				SDKROOT = auto;
				SUPPORTED_PLATFORMS = "iphoneos iphonesimulator macosx xros xrsimulator";
				SWIFT_EMIT_LOC_STRINGS = NO;
				SWIFT_VERSION = 5.0;
				TARGETED_DEVICE_FAMILY = "1,2,7";
				TEST_TARGET_NAME = SpeedReader;
				XROS_DEPLOYMENT_TARGET = 2.0;
			};
			name = Debug;
		};
		8413F9662CE6043D00CDD446 /* Release */ = {
			isa = XCBuildConfiguration;
			buildSettings = {
				CODE_SIGN_STYLE = Automatic;
				CURRENT_PROJECT_VERSION = 1;
				DEVELOPMENT_TEAM = 98RHHYF7KQ;
				GENERATE_INFOPLIST_FILE = YES;
				IPHONEOS_DEPLOYMENT_TARGET = 18.0;
				MACOSX_DEPLOYMENT_TARGET = 14.7;
				MARKETING_VERSION = 1.0;
				PRODUCT_BUNDLE_IDENTIFIER = travelMap.SpeedReaderUITests;
				PRODUCT_NAME = "$(TARGET_NAME)";
				SDKROOT = auto;
				SUPPORTED_PLATFORMS = "iphoneos iphonesimulator macosx xros xrsimulator";
				SWIFT_EMIT_LOC_STRINGS = NO;
				SWIFT_VERSION = 5.0;
				TARGETED_DEVICE_FAMILY = "1,2,7";
				TEST_TARGET_NAME = SpeedReader;
				XROS_DEPLOYMENT_TARGET = 2.0;
			};
			name = Release;
		};
/* End XCBuildConfiguration section */

/* Begin XCConfigurationList section */
		8413F9342CE6043B00CDD446 /* Build configuration list for PBXProject "SpeedReader" */ = {
			isa = XCConfigurationList;
			buildConfigurations = (
				8413F95C2CE6043D00CDD446 /* Debug */,
				8413F95D2CE6043D00CDD446 /* Release */,
			);
			defaultConfigurationIsVisible = 0;
			defaultConfigurationName = Release;
		};
		8413F95E2CE6043D00CDD446 /* Build configuration list for PBXNativeTarget "SpeedReader" */ = {
			isa = XCConfigurationList;
			buildConfigurations = (
				8413F95F2CE6043D00CDD446 /* Debug */,
				8413F9602CE6043D00CDD446 /* Release */,
			);
			defaultConfigurationIsVisible = 0;
			defaultConfigurationName = Release;
		};
		8413F9612CE6043D00CDD446 /* Build configuration list for PBXNativeTarget "SpeedReaderTests" */ = {
			isa = XCConfigurationList;
			buildConfigurations = (
				8413F9622CE6043D00CDD446 /* Debug */,
				8413F9632CE6043D00CDD446 /* Release */,
			);
			defaultConfigurationIsVisible = 0;
			defaultConfigurationName = Release;
		};
		8413F9642CE6043D00CDD446 /* Build configuration list for PBXNativeTarget "SpeedReaderUITests" */ = {
			isa = XCConfigurationList;
			buildConfigurations = (
				8413F9652CE6043D00CDD446 /* Debug */,
				8413F9662CE6043D00CDD446 /* Release */,
			);
			defaultConfigurationIsVisible = 0;
			defaultConfigurationName = Release;
		};
/* End XCConfigurationList section */
	};
	rootObject = 8413F9312CE6043B00CDD446 /* Project object */;
}
